
Microsoft Visual Studio Solution File, Format Version 12.00
# Visual Studio Version 17
VisualStudioVersion = 17.8.34330.188
MinimumVisualStudioVersion = 10.0.40219.1
Project("{FAE04EC0-301F-11D3-BF4B-00C04F79EFBC}") = "Davaleba4_1", "Davaleba4_1\Davaleba4_1.csproj", "{D6CBC4D0-E87B-401B-99D7-190E42BAF4DB}"
EndProject
Global
	GlobalSection(SolutionConfigurationPlatforms) = preSolution
		Debug|Any CPU = Debug|Any CPU
		Release|Any CPU = Release|Any CPU
	EndGlobalSection
	GlobalSection(ProjectConfigurationPlatforms) = postSolution
		{D6CBC4D0-E87B-401B-99D7-190E42BAF4DB}.Debug|Any CPU.ActiveCfg = Debug|Any CPU
		{D6CBC4D0-E87B-401B-99D7-190E42BAF4DB}.Debug|Any CPU.Build.0 = Debug|Any CPU
		{D6CBC4D0-E87B-401B-99D7-190E42BAF4DB}.Release|Any CPU.ActiveCfg = Release|Any CPU
		{D6CBC4D0-E87B-401B-99D7-190E42BAF4DB}.Release|Any CPU.Build.0 = Release|Any CPU
	EndGlobalSection
	GlobalSection(SolutionProperties) = preSolution
		HideSolutionNode = FALSE
	EndGlobalSection
	GlobalSection(ExtensibilityGlobals) = postSolution
		SolutionGuid = {E2062C09-1564-43EA-B9D1-5D2517908D76}
	EndGlobalSection
EndGlobal
